
Microsoft Visual Studio Solution File, Format Version 12.00
# Visual Studio Version 17
VisualStudioVersion = 17.14.36414.22 d17.14
MinimumVisualStudioVersion = 10.0.40219.1
Project("{FAE04EC0-301F-11D3-BF4B-00C04F79EFBC}") = "MasterStack", "MasterStack\MasterStack.csproj", "{DAD5F09B-CADF-4B9E-B123-BFF836846F59}"
EndProject
Global
	GlobalSection(SolutionConfigurationPlatforms) = preSolution
		Debug|Any CPU = Debug|Any CPU
		Release|Any CPU = Release|Any CPU
	EndGlobalSection
	GlobalSection(ProjectConfigurationPlatforms) = postSolution
		{DAD5F09B-CADF-4B9E-B123-BFF836846F59}.Debug|Any CPU.ActiveCfg = Debug|Any CPU
		{DAD5F09B-CADF-4B9E-B123-BFF836846F59}.Debug|Any CPU.Build.0 = Debug|Any CPU
		{DAD5F09B-CADF-4B9E-B123-BFF836846F59}.Release|Any CPU.ActiveCfg = Release|Any CPU
		{DAD5F09B-CADF-4B9E-B123-BFF836846F59}.Release|Any CPU.Build.0 = Release|Any CPU
	EndGlobalSection
	GlobalSection(SolutionProperties) = preSolution
		HideSolutionNode = FALSE
	EndGlobalSection
	GlobalSection(ExtensibilityGlobals) = postSolution
		SolutionGuid = {D30C1A66-9EF3-4D6D-971C-9D15370DC488}
	EndGlobalSection
EndGlobal
